
Microsoft Visual Studio Solution File, Format Version 12.00
# Visual Studio Version 17
VisualStudioVersion = 17.0.32014.148
MinimumVisualStudioVersion = 10.0.40219.1
Project("{FAE04EC0-301F-11D3-BF4B-00C04F79EFBC}") = "Week7.WPF.Demo", "Week7.WPF.Demo\Week7.WPF.Demo.csproj", "{B8790C3E-6A69-4D22-83E7-B4C262174602}"
EndProject
Project("{FAE04EC0-301F-11D3-BF4B-00C04F79EFBC}") = "Week7.WPF.ComplexLayout", "Week7.WPF.ComplexLayout\Week7.WPF.ComplexLayout.csproj", "{C6ED3D48-2689-427A-B6BA-5532E41D0965}"
EndProject
Project("{FAE04EC0-301F-11D3-BF4B-00C04F79EFBC}") = "Week7.WPF.DefinizioneRisorse", "Week7.WPF.DefinizioneRisorse\Week7.WPF.DefinizioneRisorse.csproj", "{A1D74373-32EE-4868-9DE4-06F4DE73A80C}"
EndProject
Project("{FAE04EC0-301F-11D3-BF4B-00C04F79EFBC}") = "Week7.WPF.Esercitazione1", "Week7.WPF.Esercitazione1\Week7.WPF.Esercitazione1.csproj", "{F1C3F4F0-D1BB-4BF4-82E4-1E9F2326A6F4}"
EndProject
Global
	GlobalSection(SolutionConfigurationPlatforms) = preSolution
		Debug|Any CPU = Debug|Any CPU
		Release|Any CPU = Release|Any CPU
	EndGlobalSection
	GlobalSection(ProjectConfigurationPlatforms) = postSolution
		{B8790C3E-6A69-4D22-83E7-B4C262174602}.Debug|Any CPU.ActiveCfg = Debug|Any CPU
		{B8790C3E-6A69-4D22-83E7-B4C262174602}.Debug|Any CPU.Build.0 = Debug|Any CPU
		{B8790C3E-6A69-4D22-83E7-B4C262174602}.Release|Any CPU.ActiveCfg = Release|Any CPU
		{B8790C3E-6A69-4D22-83E7-B4C262174602}.Release|Any CPU.Build.0 = Release|Any CPU
		{C6ED3D48-2689-427A-B6BA-5532E41D0965}.Debug|Any CPU.ActiveCfg = Debug|Any CPU
		{C6ED3D48-2689-427A-B6BA-5532E41D0965}.Debug|Any CPU.Build.0 = Debug|Any CPU
		{C6ED3D48-2689-427A-B6BA-5532E41D0965}.Release|Any CPU.ActiveCfg = Release|Any CPU
		{C6ED3D48-2689-427A-B6BA-5532E41D0965}.Release|Any CPU.Build.0 = Release|Any CPU
		{A1D74373-32EE-4868-9DE4-06F4DE73A80C}.Debug|Any CPU.ActiveCfg = Debug|Any CPU
		{A1D74373-32EE-4868-9DE4-06F4DE73A80C}.Debug|Any CPU.Build.0 = Debug|Any CPU
		{A1D74373-32EE-4868-9DE4-06F4DE73A80C}.Release|Any CPU.ActiveCfg = Release|Any CPU
		{A1D74373-32EE-4868-9DE4-06F4DE73A80C}.Release|Any CPU.Build.0 = Release|Any CPU
		{F1C3F4F0-D1BB-4BF4-82E4-1E9F2326A6F4}.Debug|Any CPU.ActiveCfg = Debug|Any CPU
		{F1C3F4F0-D1BB-4BF4-82E4-1E9F2326A6F4}.Debug|Any CPU.Build.0 = Debug|Any CPU
		{F1C3F4F0-D1BB-4BF4-82E4-1E9F2326A6F4}.Release|Any CPU.ActiveCfg = Release|Any CPU
		{F1C3F4F0-D1BB-4BF4-82E4-1E9F2326A6F4}.Release|Any CPU.Build.0 = Release|Any CPU
	EndGlobalSection
	GlobalSection(SolutionProperties) = preSolution
		HideSolutionNode = FALSE
	EndGlobalSection
	GlobalSection(ExtensibilityGlobals) = postSolution
		SolutionGuid = {D6CCF45A-ECBA-4915-A8CC-8F5D3FFCCCAA}
	EndGlobalSection
EndGlobal
